
Microsoft Visual Studio Solution File, Format Version 12.00
# Visual Studio Version 17
VisualStudioVersion = 17.0.31912.275
MinimumVisualStudioVersion = 10.0.40219.1
Project("{FAE04EC0-301F-11D3-BF4B-00C04F79EFBC}") = "euler002", "euler002.csproj", "{8E9201C6-EF71-4BA2-9CDD-23BE967DA5C3}"
EndProject
Global
	GlobalSection(SolutionConfigurationPlatforms) = preSolution
		Debug|Any CPU = Debug|Any CPU
		Release|Any CPU = Release|Any CPU
	EndGlobalSection
	GlobalSection(ProjectConfigurationPlatforms) = postSolution
		{8E9201C6-EF71-4BA2-9CDD-23BE967DA5C3}.Debug|Any CPU.ActiveCfg = Debug|Any CPU
		{8E9201C6-EF71-4BA2-9CDD-23BE967DA5C3}.Debug|Any CPU.Build.0 = Debug|Any CPU
		{8E9201C6-EF71-4BA2-9CDD-23BE967DA5C3}.Release|Any CPU.ActiveCfg = Release|Any CPU
		{8E9201C6-EF71-4BA2-9CDD-23BE967DA5C3}.Release|Any CPU.Build.0 = Release|Any CPU
	EndGlobalSection
	GlobalSection(SolutionProperties) = preSolution
		HideSolutionNode = FALSE
	EndGlobalSection
	GlobalSection(ExtensibilityGlobals) = postSolution
		SolutionGuid = {B07B8A0B-66A8-4A99-A7BD-2AE13B5924B8}
	EndGlobalSection
EndGlobal
