
Microsoft Visual Studio Solution File, Format Version 12.00
# Visual Studio Version 17
VisualStudioVersion = 17.3.32922.545
MinimumVisualStudioVersion = 10.0.40219.1
Project("{FAE04EC0-301F-11D3-BF4B-00C04F79EFBC}") = "euler004", "euler004.csproj", "{54F11788-9150-4579-937D-FCF33B4C457F}"
EndProject
Global
	GlobalSection(SolutionConfigurationPlatforms) = preSolution
		Debug|Any CPU = Debug|Any CPU
		Release|Any CPU = Release|Any CPU
	EndGlobalSection
	GlobalSection(ProjectConfigurationPlatforms) = postSolution
		{54F11788-9150-4579-937D-FCF33B4C457F}.Debug|Any CPU.ActiveCfg = Debug|Any CPU
		{54F11788-9150-4579-937D-FCF33B4C457F}.Debug|Any CPU.Build.0 = Debug|Any CPU
		{54F11788-9150-4579-937D-FCF33B4C457F}.Release|Any CPU.ActiveCfg = Release|Any CPU
		{54F11788-9150-4579-937D-FCF33B4C457F}.Release|Any CPU.Build.0 = Release|Any CPU
	EndGlobalSection
	GlobalSection(SolutionProperties) = preSolution
		HideSolutionNode = FALSE
	EndGlobalSection
	GlobalSection(ExtensibilityGlobals) = postSolution
		SolutionGuid = {738FEB91-3636-4E97-8407-5CD7C694B80F}
	EndGlobalSection
EndGlobal
